
Microsoft Visual Studio Solution File, Format Version 12.00
# Visual Studio Version 16
VisualStudioVersion = 16.0.31105.61
MinimumVisualStudioVersion = 10.0.40219.1
Project("{FAE04EC0-301F-11D3-BF4B-00C04F79EFBC}") = "senai_filmes_webApi", "senai_filmes_webApi\senai_filmes_webApi.csproj", "{EE033A1B-BD01-4BF9-BD80-0A7FA0D44B55}"
EndProject
Global
	GlobalSection(SolutionConfigurationPlatforms) = preSolution
		Debug|Any CPU = Debug|Any CPU
		Release|Any CPU = Release|Any CPU
	EndGlobalSection
	GlobalSection(ProjectConfigurationPlatforms) = postSolution
		{EE033A1B-BD01-4BF9-BD80-0A7FA0D44B55}.Debug|Any CPU.ActiveCfg = Debug|Any CPU
		{EE033A1B-BD01-4BF9-BD80-0A7FA0D44B55}.Debug|Any CPU.Build.0 = Debug|Any CPU
		{EE033A1B-BD01-4BF9-BD80-0A7FA0D44B55}.Release|Any CPU.ActiveCfg = Release|Any CPU
		{EE033A1B-BD01-4BF9-BD80-0A7FA0D44B55}.Release|Any CPU.Build.0 = Release|Any CPU
	EndGlobalSection
	GlobalSection(SolutionProperties) = preSolution
		HideSolutionNode = FALSE
	EndGlobalSection
	GlobalSection(ExtensibilityGlobals) = postSolution
		SolutionGuid = {6C99C21A-27EE-442A-B960-1C0C9F35CBE7}
	EndGlobalSection
EndGlobal
